// !$*UTF8*$!
{
	archiveVersion = 1;
	classes = {
	};
	objectVersion = 50;
	objects = {

/* Begin PBXBuildFile section */
		0BCD4E5B23B10A5D00988717 /* AboutScreenViewController.swift in Sources */ = {isa = PBXBuildFile; fileRef = 0BCD4E5A23B10A5D00988717 /* AboutScreenViewController.swift */; };
		B28235C421753D0B009C7D63 /* AppDelegate.swift in Sources */ = {isa = PBXBuildFile; fileRef = B28235C321753D0B009C7D63 /* AppDelegate.swift */; };
		B28235C621753D0B009C7D63 /* ViewController.swift in Sources */ = {isa = PBXBuildFile; fileRef = B28235C521753D0B009C7D63 /* ViewController.swift */; };
		B28235C921753D0B009C7D63 /* Main.storyboard in Resources */ = {isa = PBXBuildFile; fileRef = B28235C721753D0B009C7D63 /* Main.storyboard */; };
		B28235CB21753D0E009C7D63 /* Assets.xcassets in Resources */ = {isa = PBXBuildFile; fileRef = B28235CA21753D0E009C7D63 /* Assets.xcassets */; };
		B28235CE21753D0E009C7D63 /* LaunchScreen.storyboard in Resources */ = {isa = PBXBuildFile; fileRef = B28235CC21753D0E009C7D63 /* LaunchScreen.storyboard */; };
		B28235D621753EDD009C7D63 /* BingoCardViewController.swift in Sources */ = {isa = PBXBuildFile; fileRef = B28235D521753EDD009C7D63 /* BingoCardViewController.swift */; };
		B2A81590219C71110070F772 /* BingoLogicController.swift in Sources */ = {isa = PBXBuildFile; fileRef = B2A8158F219C71110070F772 /* BingoLogicController.swift */; };
		B2A81593219C72100070F772 /* RowsAndColumns.swift in Sources */ = {isa = PBXBuildFile; fileRef = B2A81592219C72100070F772 /* RowsAndColumns.swift */; };
/* End PBXBuildFile section */

/* Begin PBXFileReference section */
		0BCD4E5A23B10A5D00988717 /* AboutScreenViewController.swift */ = {isa = PBXFileReference; lastKnownFileType = sourcecode.swift; path = AboutScreenViewController.swift; sourceTree = "<group>"; };
		B28235C021753D0B009C7D63 /* MobileAppDevFinal.app */ = {isa = PBXFileReference; explicitFileType = wrapper.application; includeInIndex = 0; path = MobileAppDevFinal.app; sourceTree = BUILT_PRODUCTS_DIR; };
		B28235C321753D0B009C7D63 /* AppDelegate.swift */ = {isa = PBXFileReference; lastKnownFileType = sourcecode.swift; path = AppDelegate.swift; sourceTree = "<group>"; };
		B28235C521753D0B009C7D63 /* ViewController.swift */ = {isa = PBXFileReference; lastKnownFileType = sourcecode.swift; path = ViewController.swift; sourceTree = "<group>"; };
		B28235C821753D0B009C7D63 /* Base */ = {isa = PBXFileReference; lastKnownFileType = file.storyboard; name = Base; path = Base.lproj/Main.storyboard; sourceTree = "<group>"; };
		B28235CA21753D0E009C7D63 /* Assets.xcassets */ = {isa = PBXFileReference; lastKnownFileType = folder.assetcatalog; path = Assets.xcassets; sourceTree = "<group>"; };
		B28235CD21753D0E009C7D63 /* Base */ = {isa = PBXFileReference; lastKnownFileType = file.storyboard; name = Base; path = Base.lproj/LaunchScreen.storyboard; sourceTree = "<group>"; };
		B28235CF21753D0E009C7D63 /* Info.plist */ = {isa = PBXFileReference; lastKnownFileType = text.plist.xml; path = Info.plist; sourceTree = "<group>"; };
		B28235D521753EDD009C7D63 /* BingoCardViewController.swift */ = {isa = PBXFileReference; lastKnownFileType = sourcecode.swift; path = BingoCardViewController.swift; sourceTree = "<group>"; };
		B2A8158F219C71110070F772 /* BingoLogicController.swift */ = {isa = PBXFileReference; lastKnownFileType = sourcecode.swift; path = BingoLogicController.swift; sourceTree = "<group>"; };
		B2A81592219C72100070F772 /* RowsAndColumns.swift */ = {isa = PBXFileReference; lastKnownFileType = sourcecode.swift; path = RowsAndColumns.swift; sourceTree = "<group>"; };
/* End PBXFileReference section */

/* Begin PBXFrameworksBuildPhase section */
		B28235BD21753D0B009C7D63 /* Frameworks */ = {
			isa = PBXFrameworksBuildPhase;
			buildActionMask = 2147483647;
			files = (
			);
			runOnlyForDeploymentPostprocessing = 0;
		};
/* End PBXFrameworksBuildPhase section */

/* Begin PBXGroup section */
		B28235B721753D0B009C7D63 = {
			isa = PBXGroup;
			children = (
				B28235C221753D0B009C7D63 /* MobileAppDevFinal */,
				B28235C121753D0B009C7D63 /* Products */,
			);
			sourceTree = "<group>";
		};
		B28235C121753D0B009C7D63 /* Products */ = {
			isa = PBXGroup;
			children = (
				B28235C021753D0B009C7D63 /* MobileAppDevFinal.app */,
			);
			name = Products;
			sourceTree = "<group>";
		};
		B28235C221753D0B009C7D63 /* MobileAppDevFinal */ = {
			isa = PBXGroup;
			children = (
				B28235C321753D0B009C7D63 /* AppDelegate.swift */,
				B28235C521753D0B009C7D63 /* ViewController.swift */,
				B28235C721753D0B009C7D63 /* Main.storyboard */,
				0BCD4E5A23B10A5D00988717 /* AboutScreenViewController.swift */,
				B2A81591219C71760070F772 /* BIngoCard */,
				B28235CA21753D0E009C7D63 /* Assets.xcassets */,
				B28235CC21753D0E009C7D63 /* LaunchScreen.storyboard */,
				B28235CF21753D0E009C7D63 /* Info.plist */,
			);
			path = MobileAppDevFinal;
			sourceTree = "<group>";
		};
		B2A81591219C71760070F772 /* BIngoCard */ = {
			isa = PBXGroup;
			children = (
				B28235D521753EDD009C7D63 /* BingoCardViewController.swift */,
				B2A8158F219C71110070F772 /* BingoLogicController.swift */,
				B2A81592219C72100070F772 /* RowsAndColumns.swift */,
			);
			path = BIngoCard;
			sourceTree = "<group>";
		};
/* End PBXGroup section */

/* Begin PBXNativeTarget section */
		B28235BF21753D0B009C7D63 /* MobileAppDevFinal */ = {
			isa = PBXNativeTarget;
			buildConfigurationList = B28235D221753D0E009C7D63 /* Build configuration list for PBXNativeTarget "MobileAppDevFinal" */;
			buildPhases = (
				B28235BC21753D0B009C7D63 /* Sources */,
				B28235BD21753D0B009C7D63 /* Frameworks */,
				B28235BE21753D0B009C7D63 /* Resources */,
			);
			buildRules = (
			);
			dependencies = (
			);
			name = MobileAppDevFinal;
			productName = MobileAppDevFinal;
			productReference = B28235C021753D0B009C7D63 /* MobileAppDevFinal.app */;
			productType = "com.apple.product-type.application";
		};
/* End PBXNativeTarget section */

/* Begin PBXProject section */
		B28235B821753D0B009C7D63 /* Project object */ = {
			isa = PBXProject;
			attributes = {
				LastSwiftUpdateCheck = 1000;
				LastUpgradeCheck = 1000;
				ORGANIZATIONNAME = "Joseph DeCrisanti";
				TargetAttributes = {
					B28235BF21753D0B009C7D63 = {
						CreatedOnToolsVersion = 10.0;
						LastSwiftMigration = 1120;
					};
				};
			};
			buildConfigurationList = B28235BB21753D0B009C7D63 /* Build configuration list for PBXProject "MobileAppDevFinal" */;
			compatibilityVersion = "Xcode 9.3";
			developmentRegion = en;
			hasScannedForEncodings = 0;
			knownRegions = (
				en,
				Base,
			);
			mainGroup = B28235B721753D0B009C7D63;
			productRefGroup = B28235C121753D0B009C7D63 /* Products */;
			projectDirPath = "";
			projectRoot = "";
			targets = (
				B28235BF21753D0B009C7D63 /* MobileAppDevFinal */,
			);
		};
/* End PBXProject section */

/* Begin PBXResourcesBuildPhase section */
		B28235BE21753D0B009C7D63 /* Resources */ = {
			isa = PBXResourcesBuildPhase;
			buildActionMask = 2147483647;
			files = (
				B28235CE21753D0E009C7D63 /* LaunchScreen.storyboard in Resources */,
				B28235CB21753D0E009C7D63 /* Assets.xcassets in Resources */,
				B28235C921753D0B009C7D63 /* Main.storyboard in Resources */,
			);
			runOnlyForDeploymentPostprocessing = 0;
		};
/* End PBXResourcesBuildPhase section */

/* Begin PBXSourcesBuildPhase section */
		B28235BC21753D0B009C7D63 /* Sources */ = {
			isa = PBXSourcesBuildPhase;
			buildActionMask = 2147483647;
			files = (
				0BCD4E5B23B10A5D00988717 /* AboutScreenViewController.swift in Sources */,
				B28235C621753D0B009C7D63 /* ViewController.swift in Sources */,
				B28235C421753D0B009C7D63 /* AppDelegate.swift in Sources */,
				B2A81590219C71110070F772 /* BingoLogicController.swift in Sources */,
				B28235D621753EDD009C7D63 /* BingoCardViewController.swift in Sources */,
				B2A81593219C72100070F772 /* RowsAndColumns.swift in Sources */,
			);
			runOnlyForDeploymentPostprocessing = 0;
		};
/* End PBXSourcesBuildPhase section */

/* Begin PBXVariantGroup section */
		B28235C721753D0B009C7D63 /* Main.storyboard */ = {
			isa = PBXVariantGroup;
			children = (
				B28235C821753D0B009C7D63 /* Base */,
			);
			name = Main.storyboard;
			sourceTree = "<group>";
		};
		B28235CC21753D0E009C7D63 /* LaunchScreen.storyboard */ = {
			isa = PBXVariantGroup;
			children = (
				B28235CD21753D0E009C7D63 /* Base */,
			);
			name = LaunchScreen.storyboard;
			sourceTree = "<group>";
		};
/* End PBXVariantGroup section */

/* Begin XCBuildConfiguration section */
		B28235D021753D0E009C7D63 /* Debug */ = {
			isa = XCBuildConfiguration;
			buildSettings = {
				ALWAYS_SEARCH_USER_PATHS = NO;
				CLANG_ANALYZER_NONNULL = YES;
				CLANG_ANALYZER_NUMBER_OBJECT_CONVERSION = YES_AGGRESSIVE;
				CLANG_CXX_LANGUAGE_STANDARD = "gnu++14";
				CLANG_CXX_LIBRARY = "libc++";
				CLANG_ENABLE_MODULES = YES;
				CLANG_ENABLE_OBJC_ARC = YES;
				CLANG_ENABLE_OBJC_WEAK = YES;
				CLANG_WARN_BLOCK_CAPTURE_AUTORELEASING = YES;
				CLANG_WARN_BOOL_CONVERSION = YES;
				CLANG_WARN_COMMA = YES;
				CLANG_WARN_CONSTANT_CONVERSION = YES;
				CLANG_WARN_DEPRECATED_OBJC_IMPLEMENTATIONS = YES;
				CLANG_WARN_DIRECT_OBJC_ISA_USAGE = YES_ERROR;
				CLANG_WARN_DOCUMENTATION_COMMENTS = YES;
				CLANG_WARN_EMPTY_BODY = YES;
				CLANG_WARN_ENUM_CONVERSION = YES;
				CLANG_WARN_INFINITE_RECURSION = YES;
				CLANG_WARN_INT_CONVERSION = YES;
				CLANG_WARN_NON_LITERAL_NULL_CONVERSION = YES;
				CLANG_WARN_OBJC_IMPLICIT_RETAIN_SELF = YES;
				CLANG_WARN_OBJC_LITERAL_CONVERSION = YES;
				CLANG_WARN_OBJC_ROOT_CLASS = YES_ERROR;
				CLANG_WARN_RANGE_LOOP_ANALYSIS = YES;
				CLANG_WARN_STRICT_PROTOTYPES = YES;
				CLANG_WARN_SUSPICIOUS_MOVE = YES;
				CLANG_WARN_UNGUARDED_AVAILABILITY = YES_AGGRESSIVE;
				CLANG_WARN_UNREACHABLE_CODE = YES;
				CLANG_WARN__DUPLICATE_METHOD_MATCH = YES;
				CODE_SIGN_IDENTITY = "iPhone Developer";
				COPY_PHASE_STRIP = NO;
				DEBUG_INFORMATION_FORMAT = dwarf;
				ENABLE_STRICT_OBJC_MSGSEND = YES;
				ENABLE_TESTABILITY = YES;
				GCC_C_LANGUAGE_STANDARD = gnu11;
				GCC_DYNAMIC_NO_PIC = NO;
				GCC_NO_COMMON_BLOCKS = YES;
				GCC_OPTIMIZATION_LEVEL = 0;
				GCC_PREPROCESSOR_DEFINITIONS = (
					"DEBUG=1",
					"$(inherited)",
				);
				GCC_WARN_64_TO_32_BIT_CONVERSION = YES;
				GCC_WARN_ABOUT_RETURN_TYPE = YES_ERROR;
				GCC_WARN_UNDECLARED_SELECTOR = YES;
				GCC_WARN_UNINITIALIZED_AUTOS = YES_AGGRESSIVE;
				GCC_WARN_UNUSED_FUNCTION = YES;
				GCC_WARN_UNUSED_VARIABLE = YES;
				IPHONEOS_DEPLOYMENT_TARGET = 12.0;
				MTL_ENABLE_DEBUG_INFO = INCLUDE_SOURCE;
				MTL_FAST_MATH = YES;
				ONLY_ACTIVE_ARCH = YES;
				SDKROOT = iphoneos;
				SWIFT_ACTIVE_COMPILATION_CONDITIONS = DEBUG;
				SWIFT_OPTIMIZATION_LEVEL = "-Onone";
			};
			name = Debug;
		};
		B28235D121753D0E009C7D63 /* Release */ = {
			isa = XCBuildConfiguration;
			buildSettings = {
				ALWAYS_SEARCH_USER_PATHS = NO;
				CLANG_ANALYZER_NONNULL = YES;
				CLANG_ANALYZER_NUMBER_OBJECT_CONVERSION = YES_AGGRESSIVE;
				CLANG_CXX_LANGUAGE_STANDARD = "gnu++14";
				CLANG_CXX_LIBRARY = "libc++";
				CLANG_ENABLE_MODULES = YES;
				CLANG_ENABLE_OBJC_ARC = YES;
				CLANG_ENABLE_OBJC_WEAK = YES;
				CLANG_WARN_BLOCK_CAPTURE_AUTORELEASING = YES;
				CLANG_WARN_BOOL_CONVERSION = YES;
				CLANG_WARN_COMMA = YES;
				CLANG_WARN_CONSTANT_CONVERSION = YES;
				CLANG_WARN_DEPRECATED_OBJC_IMPLEMENTATIONS = YES;
				CLANG_WARN_DIRECT_OBJC_ISA_USAGE = YES_ERROR;
				CLANG_WARN_DOCUMENTATION_COMMENTS = YES;
				CLANG_WARN_EMPTY_BODY = YES;
				CLANG_WARN_ENUM_CONVERSION = YES;
				CLANG_WARN_INFINITE_RECURSION = YES;
				CLANG_WARN_INT_CONVERSION = YES;
				CLANG_WARN_NON_LITERAL_NULL_CONVERSION = YES;
				CLANG_WARN_OBJC_IMPLICIT_RETAIN_SELF = YES;
				CLANG_WARN_OBJC_LITERAL_CONVERSION = YES;
				CLANG_WARN_OBJC_ROOT_CLASS = YES_ERROR;
				CLANG_WARN_RANGE_LOOP_ANALYSIS = YES;
				CLANG_WARN_STRICT_PROTOTYPES = YES;
				CLANG_WARN_SUSPICIOUS_MOVE = YES;
				CLANG_WARN_UNGUARDED_AVAILABILITY = YES_AGGRESSIVE;
				CLANG_WARN_UNREACHABLE_CODE = YES;
				CLANG_WARN__DUPLICATE_METHOD_MATCH = YES;
				CODE_SIGN_IDENTITY = "iPhone Developer";
				COPY_PHASE_STRIP = NO;
				DEBUG_INFORMATION_FORMAT = "dwarf-with-dsym";
				ENABLE_NS_ASSERTIONS = NO;
				ENABLE_STRICT_OBJC_MSGSEND = YES;
				GCC_C_LANGUAGE_STANDARD = gnu11;
				GCC_NO_COMMON_BLOCKS = YES;
				GCC_WARN_64_TO_32_BIT_CONVERSION = YES;
				GCC_WARN_ABOUT_RETURN_TYPE = YES_ERROR;
				GCC_WARN_UNDECLARED_SELECTOR = YES;
				GCC_WARN_UNINITIALIZED_AUTOS = YES_AGGRESSIVE;
				GCC_WARN_UNUSED_FUNCTION = YES;
				GCC_WARN_UNUSED_VARIABLE = YES;
				IPHONEOS_DEPLOYMENT_TARGET = 12.0;
				MTL_ENABLE_DEBUG_INFO = NO;
				MTL_FAST_MATH = YES;
				SDKROOT = iphoneos;
				SWIFT_COMPILATION_MODE = wholemodule;
				SWIFT_OPTIMIZATION_LEVEL = "-O";
				VALIDATE_PRODUCT = YES;
			};
			name = Release;
		};
		B28235D321753D0E009C7D63 /* Debug */ = {
			isa = XCBuildConfiguration;
			buildSettings = {
				ASSETCATALOG_COMPILER_APPICON_NAME = AppIcon;
				CODE_SIGN_STYLE = Automatic;
				DEVELOPMENT_TEAM = D4ZSX8DAQV;
				INFOPLIST_FILE = MobileAppDevFinal/Info.plist;
				LD_RUNPATH_SEARCH_PATHS = (
					"$(inherited)",
					"@executable_path/Frameworks",
				);
				PRODUCT_BUNDLE_IDENTIFIER = com.example.MobileAppDevFinal;
				PRODUCT_NAME = "$(TARGET_NAME)";
				SWIFT_VERSION = 5.0;
				TARGETED_DEVICE_FAMILY = "1,2";
			};
			name = Debug;
		};
		B28235D421753D0E009C7D63 /* Release */ = {
			isa = XCBuildConfiguration;
			buildSettings = {
				ASSETCATALOG_COMPILER_APPICON_NAME = AppIcon;
				CODE_SIGN_STYLE = Automatic;
				DEVELOPMENT_TEAM = D4ZSX8DAQV;
				INFOPLIST_FILE = MobileAppDevFinal/Info.plist;
				LD_RUNPATH_SEARCH_PATHS = (
					"$(inherited)",
					"@executable_path/Frameworks",
				);
				PRODUCT_BUNDLE_IDENTIFIER = com.example.MobileAppDevFinal;
				PRODUCT_NAME = "$(TARGET_NAME)";
				SWIFT_VERSION = 5.0;
				TARGETED_DEVICE_FAMILY = "1,2";
			};
			name = Release;
		};
/* End XCBuildConfiguration section */

/* Begin XCConfigurationList section */
		B28235BB21753D0B009C7D63 /* Build configuration list for PBXProject "MobileAppDevFinal" */ = {
			isa = XCConfigurationList;
			buildConfigurations = (
				B28235D021753D0E009C7D63 /* Debug */,
				B28235D121753D0E009C7D63 /* Release */,
			);
			defaultConfigurationIsVisible = 0;
			defaultConfigurationName = Release;
		};
		B28235D221753D0E009C7D63 /* Build configuration list for PBXNativeTarget "MobileAppDevFinal" */ = {
			isa = XCConfigurationList;
			buildConfigurations = (
				B28235D321753D0E009C7D63 /* Debug */,
				B28235D421753D0E009C7D63 /* Release */,
			);
			defaultConfigurationIsVisible = 0;
			defaultConfigurationName = Release;
		};
/* End XCConfigurationList section */
	};
	rootObject = B28235B821753D0B009C7D63 /* Project object */;
}
